// !$*UTF8*$!
{
	archiveVersion = 1;
	classes = {
	};
	objectVersion = 56;
	objects = {

/* Begin PBXBuildFile section */
		CD0D6C56291A67B1004343D9 /* Business.swift in Sources */ = {isa = PBXBuildFile; fileRef = CD0D6C55291A67B1004343D9 /* Business.swift */; };
		CD0D6C76291BC6DA004343D9 /* Mocked.swift in Sources */ = {isa = PBXBuildFile; fileRef = CD0D6C75291BC6DA004343D9 /* Mocked.swift */; };
		CD0D6C80291C4F99004343D9 /* ReviewsVC.swift in Sources */ = {isa = PBXBuildFile; fileRef = CD0D6C7E291C4F99004343D9 /* ReviewsVC.swift */; };
		CD0D6C85291C507D004343D9 /* HTTPServiceProvider.swift in Sources */ = {isa = PBXBuildFile; fileRef = CD0D6C82291C507D004343D9 /* HTTPServiceProvider.swift */; };
		CD0D6C86291C507D004343D9 /* MockedServiceProvider.swift in Sources */ = {isa = PBXBuildFile; fileRef = CD0D6C83291C507D004343D9 /* MockedServiceProvider.swift */; };
		CD0D6C87291C507D004343D9 /* ServiceProvider.swift in Sources */ = {isa = PBXBuildFile; fileRef = CD0D6C84291C507D004343D9 /* ServiceProvider.swift */; };
		CD0D6C9C291C526D004343D9 /* UIView+Embed.swift in Sources */ = {isa = PBXBuildFile; fileRef = CD0D6C92291C526D004343D9 /* UIView+Embed.swift */; };
		CDE1D687291A41AB002087A3 /* AppDelegate.swift in Sources */ = {isa = PBXBuildFile; fileRef = CDE1D686291A41AB002087A3 /* AppDelegate.swift */; };
		CDE1D689291A41AB002087A3 /* SceneDelegate.swift in Sources */ = {isa = PBXBuildFile; fileRef = CDE1D688291A41AB002087A3 /* SceneDelegate.swift */; };
		CDE1D690291A41AE002087A3 /* Assets.xcassets in Resources */ = {isa = PBXBuildFile; fileRef = CDE1D68F291A41AE002087A3 /* Assets.xcassets */; };
		CDE1D693291A41AE002087A3 /* LaunchScreen.storyboard in Resources */ = {isa = PBXBuildFile; fileRef = CDE1D691291A41AE002087A3 /* LaunchScreen.storyboard */; };
		CDE1D69E291A41AE002087A3 /* ReviewsTests.swift in Sources */ = {isa = PBXBuildFile; fileRef = CDE1D69D291A41AE002087A3 /* ReviewsTests.swift */; };
		CDE1D6BC291A47DD002087A3 /* Review.swift in Sources */ = {isa = PBXBuildFile; fileRef = CDE1D6BB291A47DD002087A3 /* Review.swift */; };
/* End PBXBuildFile section */

/* Begin PBXContainerItemProxy section */
		CDE1D69A291A41AE002087A3 /* PBXContainerItemProxy */ = {
			isa = PBXContainerItemProxy;
			containerPortal = CDE1D67B291A41AA002087A3 /* Project object */;
			proxyType = 1;
			remoteGlobalIDString = CDE1D682291A41AB002087A3;
			remoteInfo = Reviews;
		};
/* End PBXContainerItemProxy section */

/* Begin PBXFileReference section */
		CD0D6C55291A67B1004343D9 /* Business.swift */ = {isa = PBXFileReference; lastKnownFileType = sourcecode.swift; path = Business.swift; sourceTree = "<group>"; };
		CD0D6C75291BC6DA004343D9 /* Mocked.swift */ = {isa = PBXFileReference; lastKnownFileType = sourcecode.swift; path = Mocked.swift; sourceTree = "<group>"; };
		CD0D6C7E291C4F99004343D9 /* ReviewsVC.swift */ = {isa = PBXFileReference; fileEncoding = 4; lastKnownFileType = sourcecode.swift; path = ReviewsVC.swift; sourceTree = "<group>"; };
		CD0D6C82291C507D004343D9 /* HTTPServiceProvider.swift */ = {isa = PBXFileReference; fileEncoding = 4; lastKnownFileType = sourcecode.swift; path = HTTPServiceProvider.swift; sourceTree = "<group>"; };
		CD0D6C83291C507D004343D9 /* MockedServiceProvider.swift */ = {isa = PBXFileReference; fileEncoding = 4; lastKnownFileType = sourcecode.swift; path = MockedServiceProvider.swift; sourceTree = "<group>"; };
		CD0D6C84291C507D004343D9 /* ServiceProvider.swift */ = {isa = PBXFileReference; fileEncoding = 4; lastKnownFileType = sourcecode.swift; path = ServiceProvider.swift; sourceTree = "<group>"; };
		CD0D6C92291C526D004343D9 /* UIView+Embed.swift */ = {isa = PBXFileReference; fileEncoding = 4; lastKnownFileType = sourcecode.swift; path = "UIView+Embed.swift"; sourceTree = "<group>"; };
		CDE1D683291A41AB002087A3 /* Reviews.app */ = {isa = PBXFileReference; explicitFileType = wrapper.application; includeInIndex = 0; path = Reviews.app; sourceTree = BUILT_PRODUCTS_DIR; };
		CDE1D686291A41AB002087A3 /* AppDelegate.swift */ = {isa = PBXFileReference; lastKnownFileType = sourcecode.swift; path = AppDelegate.swift; sourceTree = "<group>"; };
		CDE1D688291A41AB002087A3 /* SceneDelegate.swift */ = {isa = PBXFileReference; lastKnownFileType = sourcecode.swift; path = SceneDelegate.swift; sourceTree = "<group>"; };
		CDE1D68F291A41AE002087A3 /* Assets.xcassets */ = {isa = PBXFileReference; lastKnownFileType = folder.assetcatalog; path = Assets.xcassets; sourceTree = "<group>"; };
		CDE1D692291A41AE002087A3 /* Base */ = {isa = PBXFileReference; lastKnownFileType = file.storyboard; name = Base; path = Base.lproj/LaunchScreen.storyboard; sourceTree = "<group>"; };
		CDE1D694291A41AE002087A3 /* Info.plist */ = {isa = PBXFileReference; lastKnownFileType = text.plist.xml; path = Info.plist; sourceTree = "<group>"; };
		CDE1D699291A41AE002087A3 /* ReviewsTests.xctest */ = {isa = PBXFileReference; explicitFileType = wrapper.cfbundle; includeInIndex = 0; path = ReviewsTests.xctest; sourceTree = BUILT_PRODUCTS_DIR; };
		CDE1D69D291A41AE002087A3 /* ReviewsTests.swift */ = {isa = PBXFileReference; lastKnownFileType = sourcecode.swift; path = ReviewsTests.swift; sourceTree = "<group>"; };
		CDE1D6BB291A47DD002087A3 /* Review.swift */ = {isa = PBXFileReference; lastKnownFileType = sourcecode.swift; path = Review.swift; sourceTree = "<group>"; };
/* End PBXFileReference section */

/* Begin PBXFrameworksBuildPhase section */
		CDE1D680291A41AB002087A3 /* Frameworks */ = {
			isa = PBXFrameworksBuildPhase;
			buildActionMask = 2147483647;
			files = (
			);
			runOnlyForDeploymentPostprocessing = 0;
		};
		CDE1D696291A41AE002087A3 /* Frameworks */ = {
			isa = PBXFrameworksBuildPhase;
			buildActionMask = 2147483647;
			files = (
			);
			runOnlyForDeploymentPostprocessing = 0;
		};
/* End PBXFrameworksBuildPhase section */

/* Begin PBXGroup section */
		CD0D6C7C291C4F99004343D9 /* ViewControllers */ = {
			isa = PBXGroup;
			children = (
				CD0D6C7E291C4F99004343D9 /* ReviewsVC.swift */,
			);
			path = ViewControllers;
			sourceTree = "<group>";
		};
		CD0D6C81291C507D004343D9 /* Services */ = {
			isa = PBXGroup;
			children = (
				CD0D6C82291C507D004343D9 /* HTTPServiceProvider.swift */,
				CD0D6C83291C507D004343D9 /* MockedServiceProvider.swift */,
				CD0D6C84291C507D004343D9 /* ServiceProvider.swift */,
			);
			path = Services;
			sourceTree = "<group>";
		};
		CD0D6C88291C526D004343D9 /* Views */ = {
			isa = PBXGroup;
			children = (
				CD0D6C8F291C526D004343D9 /* UI Helpers */,
			);
			path = Views;
			sourceTree = "<group>";
		};
		CD0D6C8F291C526D004343D9 /* UI Helpers */ = {
			isa = PBXGroup;
			children = (
				CD0D6C92291C526D004343D9 /* UIView+Embed.swift */,
			);
			path = "UI Helpers";
			sourceTree = "<group>";
		};
		CDE1D67A291A41AA002087A3 = {
			isa = PBXGroup;
			children = (
				CDE1D685291A41AB002087A3 /* Reviews */,
				CDE1D69C291A41AE002087A3 /* ReviewsTests */,
				CDE1D684291A41AB002087A3 /* Products */,
			);
			sourceTree = "<group>";
		};
		CDE1D684291A41AB002087A3 /* Products */ = {
			isa = PBXGroup;
			children = (
				CDE1D683291A41AB002087A3 /* Reviews.app */,
				CDE1D699291A41AE002087A3 /* ReviewsTests.xctest */,
			);
			name = Products;
			sourceTree = "<group>";
		};
		CDE1D685291A41AB002087A3 /* Reviews */ = {
			isa = PBXGroup;
			children = (
				CDE1D686291A41AB002087A3 /* AppDelegate.swift */,
				CDE1D688291A41AB002087A3 /* SceneDelegate.swift */,
				CD0D6C81291C507D004343D9 /* Services */,
				CDE1D6BA291A47C2002087A3 /* Models */,
				CD0D6C7C291C4F99004343D9 /* ViewControllers */,
				CD0D6C88291C526D004343D9 /* Views */,
				CDE1D68F291A41AE002087A3 /* Assets.xcassets */,
				CDE1D691291A41AE002087A3 /* LaunchScreen.storyboard */,
				CDE1D694291A41AE002087A3 /* Info.plist */,
			);
			path = Reviews;
			sourceTree = "<group>";
		};
		CDE1D69C291A41AE002087A3 /* ReviewsTests */ = {
			isa = PBXGroup;
			children = (
				CDE1D69D291A41AE002087A3 /* ReviewsTests.swift */,
			);
			path = ReviewsTests;
			sourceTree = "<group>";
		};
		CDE1D6BA291A47C2002087A3 /* Models */ = {
			isa = PBXGroup;
			children = (
				CD0D6C75291BC6DA004343D9 /* Mocked.swift */,
				CD0D6C55291A67B1004343D9 /* Business.swift */,
				CDE1D6BB291A47DD002087A3 /* Review.swift */,
			);
			path = Models;
			sourceTree = "<group>";
		};
/* End PBXGroup section */

/* Begin PBXNativeTarget section */
		CDE1D682291A41AB002087A3 /* Reviews */ = {
			isa = PBXNativeTarget;
			buildConfigurationList = CDE1D6AD291A41AE002087A3 /* Build configuration list for PBXNativeTarget "Reviews" */;
			buildPhases = (
				CDE1D67F291A41AB002087A3 /* Sources */,
				CDE1D680291A41AB002087A3 /* Frameworks */,
				CDE1D681291A41AB002087A3 /* Resources */,
			);
			buildRules = (
			);
			dependencies = (
			);
			name = Reviews;
			productName = Reviews;
			productReference = CDE1D683291A41AB002087A3 /* Reviews.app */;
			productType = "com.apple.product-type.application";
		};
		CDE1D698291A41AE002087A3 /* ReviewsTests */ = {
			isa = PBXNativeTarget;
			buildConfigurationList = CDE1D6B0291A41AE002087A3 /* Build configuration list for PBXNativeTarget "ReviewsTests" */;
			buildPhases = (
				CDE1D695291A41AE002087A3 /* Sources */,
				CDE1D696291A41AE002087A3 /* Frameworks */,
				CDE1D697291A41AE002087A3 /* Resources */,
			);
			buildRules = (
			);
			dependencies = (
				CDE1D69B291A41AE002087A3 /* PBXTargetDependency */,
			);
			name = ReviewsTests;
			productName = ReviewsTests;
			productReference = CDE1D699291A41AE002087A3 /* ReviewsTests.xctest */;
			productType = "com.apple.product-type.bundle.unit-test";
		};
/* End PBXNativeTarget section */

/* Begin PBXProject section */
		CDE1D67B291A41AA002087A3 /* Project object */ = {
			isa = PBXProject;
			attributes = {
				BuildIndependentTargetsInParallel = 1;
				LastSwiftUpdateCheck = 1410;
				LastUpgradeCheck = 1410;
				TargetAttributes = {
					CDE1D682291A41AB002087A3 = {
						CreatedOnToolsVersion = 14.1;
					};
					CDE1D698291A41AE002087A3 = {
						CreatedOnToolsVersion = 14.1;
						TestTargetID = CDE1D682291A41AB002087A3;
					};
				};
			};
			buildConfigurationList = CDE1D67E291A41AA002087A3 /* Build configuration list for PBXProject "Reviews" */;
			compatibilityVersion = "Xcode 14.0";
			developmentRegion = en;
			hasScannedForEncodings = 0;
			knownRegions = (
				en,
				Base,
			);
			mainGroup = CDE1D67A291A41AA002087A3;
			productRefGroup = CDE1D684291A41AB002087A3 /* Products */;
			projectDirPath = "";
			projectRoot = "";
			targets = (
				CDE1D682291A41AB002087A3 /* Reviews */,
				CDE1D698291A41AE002087A3 /* ReviewsTests */,
			);
		};
/* End PBXProject section */

/* Begin PBXResourcesBuildPhase section */
		CDE1D681291A41AB002087A3 /* Resources */ = {
			isa = PBXResourcesBuildPhase;
			buildActionMask = 2147483647;
			files = (
				CDE1D693291A41AE002087A3 /* LaunchScreen.storyboard in Resources */,
				CDE1D690291A41AE002087A3 /* Assets.xcassets in Resources */,
			);
			runOnlyForDeploymentPostprocessing = 0;
		};
		CDE1D697291A41AE002087A3 /* Resources */ = {
			isa = PBXResourcesBuildPhase;
			buildActionMask = 2147483647;
			files = (
			);
			runOnlyForDeploymentPostprocessing = 0;
		};
/* End PBXResourcesBuildPhase section */

/* Begin PBXSourcesBuildPhase section */
		CDE1D67F291A41AB002087A3 /* Sources */ = {
			isa = PBXSourcesBuildPhase;
			buildActionMask = 2147483647;
			files = (
				CD0D6C9C291C526D004343D9 /* UIView+Embed.swift in Sources */,
				CDE1D6BC291A47DD002087A3 /* Review.swift in Sources */,
				CD0D6C56291A67B1004343D9 /* Business.swift in Sources */,
				CDE1D687291A41AB002087A3 /* AppDelegate.swift in Sources */,
				CD0D6C87291C507D004343D9 /* ServiceProvider.swift in Sources */,
				CD0D6C76291BC6DA004343D9 /* Mocked.swift in Sources */,
				CDE1D689291A41AB002087A3 /* SceneDelegate.swift in Sources */,
				CD0D6C86291C507D004343D9 /* MockedServiceProvider.swift in Sources */,
				CD0D6C80291C4F99004343D9 /* ReviewsVC.swift in Sources */,
				CD0D6C85291C507D004343D9 /* HTTPServiceProvider.swift in Sources */,
			);
			runOnlyForDeploymentPostprocessing = 0;
		};
		CDE1D695291A41AE002087A3 /* Sources */ = {
			isa = PBXSourcesBuildPhase;
			buildActionMask = 2147483647;
			files = (
				CDE1D69E291A41AE002087A3 /* ReviewsTests.swift in Sources */,
			);
			runOnlyForDeploymentPostprocessing = 0;
		};
/* End PBXSourcesBuildPhase section */

/* Begin PBXTargetDependency section */
		CDE1D69B291A41AE002087A3 /* PBXTargetDependency */ = {
			isa = PBXTargetDependency;
			target = CDE1D682291A41AB002087A3 /* Reviews */;
			targetProxy = CDE1D69A291A41AE002087A3 /* PBXContainerItemProxy */;
		};
/* End PBXTargetDependency section */

/* Begin PBXVariantGroup section */
		CDE1D691291A41AE002087A3 /* LaunchScreen.storyboard */ = {
			isa = PBXVariantGroup;
			children = (
				CDE1D692291A41AE002087A3 /* Base */,
			);
			name = LaunchScreen.storyboard;
			sourceTree = "<group>";
		};
/* End PBXVariantGroup section */

/* Begin XCBuildConfiguration section */
		CDE1D6AB291A41AE002087A3 /* Debug */ = {
			isa = XCBuildConfiguration;
			buildSettings = {
				ALWAYS_SEARCH_USER_PATHS = NO;
				CLANG_ANALYZER_NONNULL = YES;
				CLANG_ANALYZER_NUMBER_OBJECT_CONVERSION = YES_AGGRESSIVE;
				CLANG_CXX_LANGUAGE_STANDARD = "gnu++20";
				CLANG_ENABLE_MODULES = YES;
				CLANG_ENABLE_OBJC_ARC = YES;
				CLANG_ENABLE_OBJC_WEAK = YES;
				CLANG_WARN_BLOCK_CAPTURE_AUTORELEASING = YES;
				CLANG_WARN_BOOL_CONVERSION = YES;
				CLANG_WARN_COMMA = YES;
				CLANG_WARN_CONSTANT_CONVERSION = YES;
				CLANG_WARN_DEPRECATED_OBJC_IMPLEMENTATIONS = YES;
				CLANG_WARN_DIRECT_OBJC_ISA_USAGE = YES_ERROR;
				CLANG_WARN_DOCUMENTATION_COMMENTS = YES;
				CLANG_WARN_EMPTY_BODY = YES;
				CLANG_WARN_ENUM_CONVERSION = YES;
				CLANG_WARN_INFINITE_RECURSION = YES;
				CLANG_WARN_INT_CONVERSION = YES;
				CLANG_WARN_NON_LITERAL_NULL_CONVERSION = YES;
				CLANG_WARN_OBJC_IMPLICIT_RETAIN_SELF = YES;
				CLANG_WARN_OBJC_LITERAL_CONVERSION = YES;
				CLANG_WARN_OBJC_ROOT_CLASS = YES_ERROR;
				CLANG_WARN_QUOTED_INCLUDE_IN_FRAMEWORK_HEADER = YES;
				CLANG_WARN_RANGE_LOOP_ANALYSIS = YES;
				CLANG_WARN_STRICT_PROTOTYPES = YES;
				CLANG_WARN_SUSPICIOUS_MOVE = YES;
				CLANG_WARN_UNGUARDED_AVAILABILITY = YES_AGGRESSIVE;
				CLANG_WARN_UNREACHABLE_CODE = YES;
				CLANG_WARN__DUPLICATE_METHOD_MATCH = YES;
				COPY_PHASE_STRIP = NO;
				DEBUG_INFORMATION_FORMAT = dwarf;
				ENABLE_STRICT_OBJC_MSGSEND = YES;
				ENABLE_TESTABILITY = YES;
				GCC_C_LANGUAGE_STANDARD = gnu11;
				GCC_DYNAMIC_NO_PIC = NO;
				GCC_NO_COMMON_BLOCKS = YES;
				GCC_OPTIMIZATION_LEVEL = 0;
				GCC_PREPROCESSOR_DEFINITIONS = (
					"DEBUG=1",
					"$(inherited)",
				);
				GCC_WARN_64_TO_32_BIT_CONVERSION = YES;
				GCC_WARN_ABOUT_RETURN_TYPE = YES_ERROR;
				GCC_WARN_UNDECLARED_SELECTOR = YES;
				GCC_WARN_UNINITIALIZED_AUTOS = YES_AGGRESSIVE;
				GCC_WARN_UNUSED_FUNCTION = YES;
				GCC_WARN_UNUSED_VARIABLE = YES;
				IPHONEOS_DEPLOYMENT_TARGET = 16.1;
				MTL_ENABLE_DEBUG_INFO = INCLUDE_SOURCE;
				MTL_FAST_MATH = YES;
				ONLY_ACTIVE_ARCH = YES;
				SDKROOT = iphoneos;
				SWIFT_ACTIVE_COMPILATION_CONDITIONS = DEBUG;
				SWIFT_OPTIMIZATION_LEVEL = "-Onone";
			};
			name = Debug;
		};
		CDE1D6AC291A41AE002087A3 /* Release */ = {
			isa = XCBuildConfiguration;
			buildSettings = {
				ALWAYS_SEARCH_USER_PATHS = NO;
				CLANG_ANALYZER_NONNULL = YES;
				CLANG_ANALYZER_NUMBER_OBJECT_CONVERSION = YES_AGGRESSIVE;
				CLANG_CXX_LANGUAGE_STANDARD = "gnu++20";
				CLANG_ENABLE_MODULES = YES;
				CLANG_ENABLE_OBJC_ARC = YES;
				CLANG_ENABLE_OBJC_WEAK = YES;
				CLANG_WARN_BLOCK_CAPTURE_AUTORELEASING = YES;
				CLANG_WARN_BOOL_CONVERSION = YES;
				CLANG_WARN_COMMA = YES;
				CLANG_WARN_CONSTANT_CONVERSION = YES;
				CLANG_WARN_DEPRECATED_OBJC_IMPLEMENTATIONS = YES;
				CLANG_WARN_DIRECT_OBJC_ISA_USAGE = YES_ERROR;
				CLANG_WARN_DOCUMENTATION_COMMENTS = YES;
				CLANG_WARN_EMPTY_BODY = YES;
				CLANG_WARN_ENUM_CONVERSION = YES;
				CLANG_WARN_INFINITE_RECURSION = YES;
				CLANG_WARN_INT_CONVERSION = YES;
				CLANG_WARN_NON_LITERAL_NULL_CONVERSION = YES;
				CLANG_WARN_OBJC_IMPLICIT_RETAIN_SELF = YES;
				CLANG_WARN_OBJC_LITERAL_CONVERSION = YES;
				CLANG_WARN_OBJC_ROOT_CLASS = YES_ERROR;
				CLANG_WARN_QUOTED_INCLUDE_IN_FRAMEWORK_HEADER = YES;
				CLANG_WARN_RANGE_LOOP_ANALYSIS = YES;
				CLANG_WARN_STRICT_PROTOTYPES = YES;
				CLANG_WARN_SUSPICIOUS_MOVE = YES;
				CLANG_WARN_UNGUARDED_AVAILABILITY = YES_AGGRESSIVE;
				CLANG_WARN_UNREACHABLE_CODE = YES;
				CLANG_WARN__DUPLICATE_METHOD_MATCH = YES;
				COPY_PHASE_STRIP = NO;
				DEBUG_INFORMATION_FORMAT = "dwarf-with-dsym";
				ENABLE_NS_ASSERTIONS = NO;
				ENABLE_STRICT_OBJC_MSGSEND = YES;
				GCC_C_LANGUAGE_STANDARD = gnu11;
				GCC_NO_COMMON_BLOCKS = YES;
				GCC_WARN_64_TO_32_BIT_CONVERSION = YES;
				GCC_WARN_ABOUT_RETURN_TYPE = YES_ERROR;
				GCC_WARN_UNDECLARED_SELECTOR = YES;
				GCC_WARN_UNINITIALIZED_AUTOS = YES_AGGRESSIVE;
				GCC_WARN_UNUSED_FUNCTION = YES;
				GCC_WARN_UNUSED_VARIABLE = YES;
				IPHONEOS_DEPLOYMENT_TARGET = 16.1;
				MTL_ENABLE_DEBUG_INFO = NO;
				MTL_FAST_MATH = YES;
				SDKROOT = iphoneos;
				SWIFT_COMPILATION_MODE = wholemodule;
				SWIFT_OPTIMIZATION_LEVEL = "-O";
				VALIDATE_PRODUCT = YES;
			};
			name = Release;
		};
		CDE1D6AE291A41AE002087A3 /* Debug */ = {
			isa = XCBuildConfiguration;
			buildSettings = {
				ASSETCATALOG_COMPILER_APPICON_NAME = AppIcon;
				ASSETCATALOG_COMPILER_GLOBAL_ACCENT_COLOR_NAME = AccentColor;
				CODE_SIGN_STYLE = Automatic;
				CURRENT_PROJECT_VERSION = 1;
				DEVELOPMENT_TEAM = 5XQ6HX9443;
				GENERATE_INFOPLIST_FILE = YES;
				INFOPLIST_FILE = Reviews/Info.plist;
				INFOPLIST_KEY_UIApplicationSupportsIndirectInputEvents = YES;
				INFOPLIST_KEY_UILaunchStoryboardName = LaunchScreen;
				INFOPLIST_KEY_UIMainStoryboardFile = "";
				INFOPLIST_KEY_UISupportedInterfaceOrientations_iPad = "UIInterfaceOrientationPortrait UIInterfaceOrientationPortraitUpsideDown UIInterfaceOrientationLandscapeLeft UIInterfaceOrientationLandscapeRight";
				INFOPLIST_KEY_UISupportedInterfaceOrientations_iPhone = "UIInterfaceOrientationPortrait UIInterfaceOrientationLandscapeLeft UIInterfaceOrientationLandscapeRight";
				LD_RUNPATH_SEARCH_PATHS = (
					"$(inherited)",
					"@executable_path/Frameworks",
				);
				MARKETING_VERSION = 1.0;
				PRODUCT_BUNDLE_IDENTIFIER = me.jdmoreira.Reviews;
				PRODUCT_NAME = "$(TARGET_NAME)";
				SWIFT_EMIT_LOC_STRINGS = YES;
				SWIFT_VERSION = 5.0;
				TARGETED_DEVICE_FAMILY = "1,2";
			};
			name = Debug;
		};
		CDE1D6AF291A41AE002087A3 /* Release */ = {
			isa = XCBuildConfiguration;
			buildSettings = {
				ASSETCATALOG_COMPILER_APPICON_NAME = AppIcon;
				ASSETCATALOG_COMPILER_GLOBAL_ACCENT_COLOR_NAME = AccentColor;
				CODE_SIGN_STYLE = Automatic;
				CURRENT_PROJECT_VERSION = 1;
				DEVELOPMENT_TEAM = 5XQ6HX9443;
				GENERATE_INFOPLIST_FILE = YES;
				INFOPLIST_FILE = Reviews/Info.plist;
				INFOPLIST_KEY_UIApplicationSupportsIndirectInputEvents = YES;
				INFOPLIST_KEY_UILaunchStoryboardName = LaunchScreen;
				INFOPLIST_KEY_UIMainStoryboardFile = "";
				INFOPLIST_KEY_UISupportedInterfaceOrientations_iPad = "UIInterfaceOrientationPortrait UIInterfaceOrientationPortraitUpsideDown UIInterfaceOrientationLandscapeLeft UIInterfaceOrientationLandscapeRight";
				INFOPLIST_KEY_UISupportedInterfaceOrientations_iPhone = "UIInterfaceOrientationPortrait UIInterfaceOrientationLandscapeLeft UIInterfaceOrientationLandscapeRight";
				LD_RUNPATH_SEARCH_PATHS = (
					"$(inherited)",
					"@executable_path/Frameworks",
				);
				MARKETING_VERSION = 1.0;
				PRODUCT_BUNDLE_IDENTIFIER = me.jdmoreira.Reviews;
				PRODUCT_NAME = "$(TARGET_NAME)";
				SWIFT_EMIT_LOC_STRINGS = YES;
				SWIFT_VERSION = 5.0;
				TARGETED_DEVICE_FAMILY = "1,2";
			};
			name = Release;
		};
		CDE1D6B1291A41AE002087A3 /* Debug */ = {
			isa = XCBuildConfiguration;
			buildSettings = {
				ALWAYS_EMBED_SWIFT_STANDARD_LIBRARIES = YES;
				BUNDLE_LOADER = "$(TEST_HOST)";
				CODE_SIGN_STYLE = Automatic;
				CURRENT_PROJECT_VERSION = 1;
				DEVELOPMENT_TEAM = 5XQ6HX9443;
				GENERATE_INFOPLIST_FILE = YES;
				IPHONEOS_DEPLOYMENT_TARGET = 16.1;
				MARKETING_VERSION = 1.0;
				PRODUCT_BUNDLE_IDENTIFIER = me.jdmoreira.ReviewsTests;
				PRODUCT_NAME = "$(TARGET_NAME)";
				SWIFT_EMIT_LOC_STRINGS = NO;
				SWIFT_VERSION = 5.0;
				TARGETED_DEVICE_FAMILY = "1,2";
				TEST_HOST = "$(BUILT_PRODUCTS_DIR)/Reviews.app/$(BUNDLE_EXECUTABLE_FOLDER_PATH)/Reviews";
			};
			name = Debug;
		};
		CDE1D6B2291A41AE002087A3 /* Release */ = {
			isa = XCBuildConfiguration;
			buildSettings = {
				ALWAYS_EMBED_SWIFT_STANDARD_LIBRARIES = YES;
				BUNDLE_LOADER = "$(TEST_HOST)";
				CODE_SIGN_STYLE = Automatic;
				CURRENT_PROJECT_VERSION = 1;
				DEVELOPMENT_TEAM = 5XQ6HX9443;
				GENERATE_INFOPLIST_FILE = YES;
				IPHONEOS_DEPLOYMENT_TARGET = 16.1;
				MARKETING_VERSION = 1.0;
				PRODUCT_BUNDLE_IDENTIFIER = me.jdmoreira.ReviewsTests;
				PRODUCT_NAME = "$(TARGET_NAME)";
				SWIFT_EMIT_LOC_STRINGS = NO;
				SWIFT_VERSION = 5.0;
				TARGETED_DEVICE_FAMILY = "1,2";
				TEST_HOST = "$(BUILT_PRODUCTS_DIR)/Reviews.app/$(BUNDLE_EXECUTABLE_FOLDER_PATH)/Reviews";
			};
			name = Release;
		};
/* End XCBuildConfiguration section */

/* Begin XCConfigurationList section */
		CDE1D67E291A41AA002087A3 /* Build configuration list for PBXProject "Reviews" */ = {
			isa = XCConfigurationList;
			buildConfigurations = (
				CDE1D6AB291A41AE002087A3 /* Debug */,
				CDE1D6AC291A41AE002087A3 /* Release */,
			);
			defaultConfigurationIsVisible = 0;
			defaultConfigurationName = Release;
		};
		CDE1D6AD291A41AE002087A3 /* Build configuration list for PBXNativeTarget "Reviews" */ = {
			isa = XCConfigurationList;
			buildConfigurations = (
				CDE1D6AE291A41AE002087A3 /* Debug */,
				CDE1D6AF291A41AE002087A3 /* Release */,
			);
			defaultConfigurationIsVisible = 0;
			defaultConfigurationName = Release;
		};
		CDE1D6B0291A41AE002087A3 /* Build configuration list for PBXNativeTarget "ReviewsTests" */ = {
			isa = XCConfigurationList;
			buildConfigurations = (
				CDE1D6B1291A41AE002087A3 /* Debug */,
				CDE1D6B2291A41AE002087A3 /* Release */,
			);
			defaultConfigurationIsVisible = 0;
			defaultConfigurationName = Release;
		};
/* End XCConfigurationList section */
	};
	rootObject = CDE1D67B291A41AA002087A3 /* Project object */;
}
